// !$*UTF8*$!
{
	archiveVersion = 1;
	classes = {
	};
	objectVersion = 50;
	objects = {

/* Begin PBXBuildFile section */
		30230E45256E939A0094A9E8 /* Writer.xcdatamodeld in Sources */ = {isa = PBXBuildFile; fileRef = 306D582F25514D380074CFD5 /* Writer.xcdatamodeld */; };
		30665F842555805B001BF753 /* SettingsNavItemView.swift in Sources */ = {isa = PBXBuildFile; fileRef = 30665F832555805B001BF753 /* SettingsNavItemView.swift */; };
		30665F8C2555B318001BF753 /* SettingsItemView.swift in Sources */ = {isa = PBXBuildFile; fileRef = 30665F8B2555B318001BF753 /* SettingsItemView.swift */; };
		30665F962555B775001BF753 /* WidgetKit.framework in Frameworks */ = {isa = PBXBuildFile; fileRef = 30665F952555B775001BF753 /* WidgetKit.framework */; };
		30665F982555B775001BF753 /* SwiftUI.framework in Frameworks */ = {isa = PBXBuildFile; fileRef = 30665F972555B775001BF753 /* SwiftUI.framework */; };
		30665F9B2555B775001BF753 /* WriterWidget.swift in Sources */ = {isa = PBXBuildFile; fileRef = 30665F9A2555B775001BF753 /* WriterWidget.swift */; };
		30665F9E2555B778001BF753 /* Assets.xcassets in Resources */ = {isa = PBXBuildFile; fileRef = 30665F9D2555B778001BF753 /* Assets.xcassets */; };
		30665FA02555B778001BF753 /* WriterWidget.intentdefinition in Sources */ = {isa = PBXBuildFile; fileRef = 30665F9C2555B775001BF753 /* WriterWidget.intentdefinition */; };
		30665FA12555B778001BF753 /* WriterWidget.intentdefinition in Sources */ = {isa = PBXBuildFile; fileRef = 30665F9C2555B775001BF753 /* WriterWidget.intentdefinition */; };
		30665FA42555B778001BF753 /* WriterWidgetExtension.appex in Embed App Extensions */ = {isa = PBXBuildFile; fileRef = 30665F942555B775001BF753 /* WriterWidgetExtension.appex */; settings = {ATTRIBUTES = (RemoveHeadersOnCopy, ); }; };
		30665FAE2555C065001BF753 /* SearchBarView.swift in Sources */ = {isa = PBXBuildFile; fileRef = 30665FAD2555C065001BF753 /* SearchBarView.swift */; };
		306AF69825549DEB00C124FC /* SettingsView.swift in Sources */ = {isa = PBXBuildFile; fileRef = 306AF69725549DEB00C124FC /* SettingsView.swift */; };
		306AF6A42555659100C124FC /* HeaderView.swift in Sources */ = {isa = PBXBuildFile; fileRef = 306AF6A32555659000C124FC /* HeaderView.swift */; };
		306D582525514D360074CFD5 /* WriterApp.swift in Sources */ = {isa = PBXBuildFile; fileRef = 306D582425514D360074CFD5 /* WriterApp.swift */; };
		306D582725514D360074CFD5 /* ListView.swift in Sources */ = {isa = PBXBuildFile; fileRef = 306D582625514D360074CFD5 /* ListView.swift */; };
		306D582925514D380074CFD5 /* Assets.xcassets in Resources */ = {isa = PBXBuildFile; fileRef = 306D582825514D380074CFD5 /* Assets.xcassets */; };
		306D582C25514D380074CFD5 /* Preview Assets.xcassets in Resources */ = {isa = PBXBuildFile; fileRef = 306D582B25514D380074CFD5 /* Preview Assets.xcassets */; };
		306D582E25514D380074CFD5 /* Persistence.swift in Sources */ = {isa = PBXBuildFile; fileRef = 306D582D25514D380074CFD5 /* Persistence.swift */; };
		306D583125514D380074CFD5 /* Writer.xcdatamodeld in Sources */ = {isa = PBXBuildFile; fileRef = 306D582F25514D380074CFD5 /* Writer.xcdatamodeld */; };
		306D583C25514D380074CFD5 /* WriterTests.swift in Sources */ = {isa = PBXBuildFile; fileRef = 306D583B25514D380074CFD5 /* WriterTests.swift */; };
		306D584725514D390074CFD5 /* WriterUITests.swift in Sources */ = {isa = PBXBuildFile; fileRef = 306D584625514D390074CFD5 /* WriterUITests.swift */; };
		30A0CC8A2551705700F42FF7 /* Editor.swift in Sources */ = {isa = PBXBuildFile; fileRef = 30A0CC892551705700F42FF7 /* Editor.swift */; };
		30A0F0972554501800AC2744 /* MenuItemView.swift in Sources */ = {isa = PBXBuildFile; fileRef = 30A0F0962554501800AC2744 /* MenuItemView.swift */; };
		30AD6554257A5E9E0015F0F7 /* TypographySettings.swift in Sources */ = {isa = PBXBuildFile; fileRef = 30AD6553257A5E9E0015F0F7 /* TypographySettings.swift */; };
		30B5B01F25543C83009E301F /* MenuView.swift in Sources */ = {isa = PBXBuildFile; fileRef = 30B5B01E25543C83009E301F /* MenuView.swift */; };
		30B5B02725543DC3009E301F /* MenuToolbarView.swift in Sources */ = {isa = PBXBuildFile; fileRef = 30B5B02625543DC3009E301F /* MenuToolbarView.swift */; };
		30C1A363256A94A800CE13F1 /* UITextView.swift in Sources */ = {isa = PBXBuildFile; fileRef = 30C1A362256A94A800CE13F1 /* UITextView.swift */; };
		30DD581D25768AB600AEE5DC /* State.swift in Sources */ = {isa = PBXBuildFile; fileRef = 30DD581C25768AB600AEE5DC /* State.swift */; };
		30E545A8255EF4E400E14721 /* NotesListView.swift in Sources */ = {isa = PBXBuildFile; fileRef = 30E545A7255EF4E400E14721 /* NotesListView.swift */; };
		30F0623B256B0C7400446C6D /* UserSettings.swift in Sources */ = {isa = PBXBuildFile; fileRef = 30F0623A256B0C7400446C6D /* UserSettings.swift */; };
		30F3776425519500003FAC4F /* ItemView.swift in Sources */ = {isa = PBXBuildFile; fileRef = 30F3776325519500003FAC4F /* ItemView.swift */; };
		30F377712551ADF0003FAC4F /* CloudKit.framework in Frameworks */ = {isa = PBXBuildFile; fileRef = 30F377702551ADF0003FAC4F /* CloudKit.framework */; };
		30F377762551AF5D003FAC4F /* ToolbarView.swift in Sources */ = {isa = PBXBuildFile; fileRef = 30F377752551AF5D003FAC4F /* ToolbarView.swift */; };
		30F377862551C7A1003FAC4F /* EditorView.swift in Sources */ = {isa = PBXBuildFile; fileRef = 30F377852551C7A1003FAC4F /* EditorView.swift */; };
		30F377922551CA99003FAC4F /* EditorViewProtocols.swift in Sources */ = {isa = PBXBuildFile; fileRef = 30F377912551CA99003FAC4F /* EditorViewProtocols.swift */; };
		30F377982551CAF9003FAC4F /* UIFont.swift in Sources */ = {isa = PBXBuildFile; fileRef = 30F377972551CAF9003FAC4F /* UIFont.swift */; };
/* End PBXBuildFile section */

/* Begin PBXContainerItemProxy section */
		30665FA22555B778001BF753 /* PBXContainerItemProxy */ = {
			isa = PBXContainerItemProxy;
			containerPortal = 306D581925514D360074CFD5 /* Project object */;
			proxyType = 1;
			remoteGlobalIDString = 30665F932555B775001BF753;
			remoteInfo = WriterWidgetExtension;
		};
		306D583825514D380074CFD5 /* PBXContainerItemProxy */ = {
			isa = PBXContainerItemProxy;
			containerPortal = 306D581925514D360074CFD5 /* Project object */;
			proxyType = 1;
			remoteGlobalIDString = 306D582025514D360074CFD5;
			remoteInfo = Writer;
		};
		306D584325514D390074CFD5 /* PBXContainerItemProxy */ = {
			isa = PBXContainerItemProxy;
			containerPortal = 306D581925514D360074CFD5 /* Project object */;
			proxyType = 1;
			remoteGlobalIDString = 306D582025514D360074CFD5;
			remoteInfo = Writer;
		};
/* End PBXContainerItemProxy section */

/* Begin PBXCopyFilesBuildPhase section */
		30665FA82555B778001BF753 /* Embed App Extensions */ = {
			isa = PBXCopyFilesBuildPhase;
			buildActionMask = 2147483647;
			dstPath = "";
			dstSubfolderSpec = 13;
			files = (
				30665FA42555B778001BF753 /* WriterWidgetExtension.appex in Embed App Extensions */,
			);
			name = "Embed App Extensions";
			runOnlyForDeploymentPostprocessing = 0;
		};
/* End PBXCopyFilesBuildPhase section */

/* Begin PBXFileReference section */
		30665F832555805B001BF753 /* SettingsNavItemView.swift */ = {isa = PBXFileReference; lastKnownFileType = sourcecode.swift; path = SettingsNavItemView.swift; sourceTree = "<group>"; };
		30665F8B2555B318001BF753 /* SettingsItemView.swift */ = {isa = PBXFileReference; lastKnownFileType = sourcecode.swift; path = SettingsItemView.swift; sourceTree = "<group>"; };
		30665F942555B775001BF753 /* WriterWidgetExtension.appex */ = {isa = PBXFileReference; explicitFileType = "wrapper.app-extension"; includeInIndex = 0; path = WriterWidgetExtension.appex; sourceTree = BUILT_PRODUCTS_DIR; };
		30665F952555B775001BF753 /* WidgetKit.framework */ = {isa = PBXFileReference; lastKnownFileType = wrapper.framework; name = WidgetKit.framework; path = System/Library/Frameworks/WidgetKit.framework; sourceTree = SDKROOT; };
		30665F972555B775001BF753 /* SwiftUI.framework */ = {isa = PBXFileReference; lastKnownFileType = wrapper.framework; name = SwiftUI.framework; path = System/Library/Frameworks/SwiftUI.framework; sourceTree = SDKROOT; };
		30665F9A2555B775001BF753 /* WriterWidget.swift */ = {isa = PBXFileReference; lastKnownFileType = sourcecode.swift; path = WriterWidget.swift; sourceTree = "<group>"; };
		30665F9C2555B775001BF753 /* WriterWidget.intentdefinition */ = {isa = PBXFileReference; lastKnownFileType = file.intentdefinition; path = WriterWidget.intentdefinition; sourceTree = "<group>"; };
		30665F9D2555B778001BF753 /* Assets.xcassets */ = {isa = PBXFileReference; lastKnownFileType = folder.assetcatalog; path = Assets.xcassets; sourceTree = "<group>"; };
		30665F9F2555B778001BF753 /* Info.plist */ = {isa = PBXFileReference; lastKnownFileType = text.plist.xml; path = Info.plist; sourceTree = "<group>"; };
		30665FAD2555C065001BF753 /* SearchBarView.swift */ = {isa = PBXFileReference; lastKnownFileType = sourcecode.swift; path = SearchBarView.swift; sourceTree = "<group>"; };
		306AF69725549DEB00C124FC /* SettingsView.swift */ = {isa = PBXFileReference; lastKnownFileType = sourcecode.swift; path = SettingsView.swift; sourceTree = "<group>"; };
		306AF6A32555659000C124FC /* HeaderView.swift */ = {isa = PBXFileReference; lastKnownFileType = sourcecode.swift; path = HeaderView.swift; sourceTree = "<group>"; };
		306D582125514D360074CFD5 /* Writer.app */ = {isa = PBXFileReference; explicitFileType = wrapper.application; includeInIndex = 0; path = Writer.app; sourceTree = BUILT_PRODUCTS_DIR; };
		306D582425514D360074CFD5 /* WriterApp.swift */ = {isa = PBXFileReference; lastKnownFileType = sourcecode.swift; path = WriterApp.swift; sourceTree = "<group>"; };
		306D582625514D360074CFD5 /* ListView.swift */ = {isa = PBXFileReference; lastKnownFileType = sourcecode.swift; path = ListView.swift; sourceTree = "<group>"; };
		306D582825514D380074CFD5 /* Assets.xcassets */ = {isa = PBXFileReference; lastKnownFileType = folder.assetcatalog; path = Assets.xcassets; sourceTree = "<group>"; };
		306D582B25514D380074CFD5 /* Preview Assets.xcassets */ = {isa = PBXFileReference; lastKnownFileType = folder.assetcatalog; path = "Preview Assets.xcassets"; sourceTree = "<group>"; };
		306D582D25514D380074CFD5 /* Persistence.swift */ = {isa = PBXFileReference; lastKnownFileType = sourcecode.swift; path = Persistence.swift; sourceTree = "<group>"; };
		306D583025514D380074CFD5 /* Writer.xcdatamodel */ = {isa = PBXFileReference; lastKnownFileType = wrapper.xcdatamodel; path = Writer.xcdatamodel; sourceTree = "<group>"; };
		306D583225514D380074CFD5 /* Info.plist */ = {isa = PBXFileReference; lastKnownFileType = text.plist.xml; path = Info.plist; sourceTree = "<group>"; };
		306D583725514D380074CFD5 /* WriterTests.xctest */ = {isa = PBXFileReference; explicitFileType = wrapper.cfbundle; includeInIndex = 0; path = WriterTests.xctest; sourceTree = BUILT_PRODUCTS_DIR; };
		306D583B25514D380074CFD5 /* WriterTests.swift */ = {isa = PBXFileReference; lastKnownFileType = sourcecode.swift; path = WriterTests.swift; sourceTree = "<group>"; };
		306D583D25514D380074CFD5 /* Info.plist */ = {isa = PBXFileReference; lastKnownFileType = text.plist.xml; path = Info.plist; sourceTree = "<group>"; };
		306D584225514D390074CFD5 /* WriterUITests.xctest */ = {isa = PBXFileReference; explicitFileType = wrapper.cfbundle; includeInIndex = 0; path = WriterUITests.xctest; sourceTree = BUILT_PRODUCTS_DIR; };
		306D584625514D390074CFD5 /* WriterUITests.swift */ = {isa = PBXFileReference; lastKnownFileType = sourcecode.swift; path = WriterUITests.swift; sourceTree = "<group>"; };
		306D584825514D390074CFD5 /* Info.plist */ = {isa = PBXFileReference; lastKnownFileType = text.plist.xml; path = Info.plist; sourceTree = "<group>"; };
		30A0CC892551705700F42FF7 /* Editor.swift */ = {isa = PBXFileReference; lastKnownFileType = sourcecode.swift; path = Editor.swift; sourceTree = "<group>"; };
		30A0F0962554501800AC2744 /* MenuItemView.swift */ = {isa = PBXFileReference; lastKnownFileType = sourcecode.swift; path = MenuItemView.swift; sourceTree = "<group>"; };
		30AD6553257A5E9E0015F0F7 /* TypographySettings.swift */ = {isa = PBXFileReference; lastKnownFileType = sourcecode.swift; path = TypographySettings.swift; sourceTree = "<group>"; };
		30B5B01E25543C83009E301F /* MenuView.swift */ = {isa = PBXFileReference; lastKnownFileType = sourcecode.swift; path = MenuView.swift; sourceTree = "<group>"; };
		30B5B02625543DC3009E301F /* MenuToolbarView.swift */ = {isa = PBXFileReference; lastKnownFileType = sourcecode.swift; path = MenuToolbarView.swift; sourceTree = "<group>"; };
		30C1A362256A94A800CE13F1 /* UITextView.swift */ = {isa = PBXFileReference; lastKnownFileType = sourcecode.swift; path = UITextView.swift; sourceTree = "<group>"; };
		30DD581C25768AB600AEE5DC /* State.swift */ = {isa = PBXFileReference; lastKnownFileType = sourcecode.swift; path = State.swift; sourceTree = "<group>"; };
		30E545A7255EF4E400E14721 /* NotesListView.swift */ = {isa = PBXFileReference; lastKnownFileType = sourcecode.swift; path = NotesListView.swift; sourceTree = "<group>"; };
		30F0623A256B0C7400446C6D /* UserSettings.swift */ = {isa = PBXFileReference; lastKnownFileType = sourcecode.swift; path = UserSettings.swift; sourceTree = "<group>"; };
		30F3776325519500003FAC4F /* ItemView.swift */ = {isa = PBXFileReference; lastKnownFileType = sourcecode.swift; path = ItemView.swift; sourceTree = "<group>"; };
		30F37768255195F9003FAC4F /* Writer.entitlements */ = {isa = PBXFileReference; lastKnownFileType = text.plist.entitlements; path = Writer.entitlements; sourceTree = "<group>"; };
		30F377702551ADF0003FAC4F /* CloudKit.framework */ = {isa = PBXFileReference; lastKnownFileType = wrapper.framework; name = CloudKit.framework; path = System/Library/Frameworks/CloudKit.framework; sourceTree = SDKROOT; };
		30F377752551AF5D003FAC4F /* ToolbarView.swift */ = {isa = PBXFileReference; lastKnownFileType = sourcecode.swift; path = ToolbarView.swift; sourceTree = "<group>"; };
		30F377852551C7A1003FAC4F /* EditorView.swift */ = {isa = PBXFileReference; lastKnownFileType = sourcecode.swift; path = EditorView.swift; sourceTree = "<group>"; };
		30F377912551CA99003FAC4F /* EditorViewProtocols.swift */ = {isa = PBXFileReference; lastKnownFileType = sourcecode.swift; path = EditorViewProtocols.swift; sourceTree = "<group>"; };
		30F377972551CAF9003FAC4F /* UIFont.swift */ = {isa = PBXFileReference; lastKnownFileType = sourcecode.swift; path = UIFont.swift; sourceTree = "<group>"; };
/* End PBXFileReference section */

/* Begin PBXFrameworksBuildPhase section */
		30665F912555B775001BF753 /* Frameworks */ = {
			isa = PBXFrameworksBuildPhase;
			buildActionMask = 2147483647;
			files = (
				30665F982555B775001BF753 /* SwiftUI.framework in Frameworks */,
				30665F962555B775001BF753 /* WidgetKit.framework in Frameworks */,
			);
			runOnlyForDeploymentPostprocessing = 0;
		};
		306D581E25514D360074CFD5 /* Frameworks */ = {
			isa = PBXFrameworksBuildPhase;
			buildActionMask = 2147483647;
			files = (
				30F377712551ADF0003FAC4F /* CloudKit.framework in Frameworks */,
			);
			runOnlyForDeploymentPostprocessing = 0;
		};
		306D583425514D380074CFD5 /* Frameworks */ = {
			isa = PBXFrameworksBuildPhase;
			buildActionMask = 2147483647;
			files = (
			);
			runOnlyForDeploymentPostprocessing = 0;
		};
		306D583F25514D380074CFD5 /* Frameworks */ = {
			isa = PBXFrameworksBuildPhase;
			buildActionMask = 2147483647;
			files = (
			);
			runOnlyForDeploymentPostprocessing = 0;
		};
/* End PBXFrameworksBuildPhase section */

/* Begin PBXGroup section */
		30010C5B2551771600FACEC3 /* List */ = {
			isa = PBXGroup;
			children = (
				306D582625514D360074CFD5 /* ListView.swift */,
				30F3776325519500003FAC4F /* ItemView.swift */,
				30F377752551AF5D003FAC4F /* ToolbarView.swift */,
				30E545A7255EF4E400E14721 /* NotesListView.swift */,
			);
			path = List;
			sourceTree = "<group>";
		};
		30665F992555B775001BF753 /* WriterWidget */ = {
			isa = PBXGroup;
			children = (
				30665F9A2555B775001BF753 /* WriterWidget.swift */,
				30665F9C2555B775001BF753 /* WriterWidget.intentdefinition */,
				30665F9D2555B778001BF753 /* Assets.xcassets */,
				30665F9F2555B778001BF753 /* Info.plist */,
			);
			path = WriterWidget;
			sourceTree = "<group>";
		};
		306AF69625549DDE00C124FC /* Settings */ = {
			isa = PBXGroup;
			children = (
				30AD6552257A5E880015F0F7 /* TypographySettings */,
				306AF69725549DEB00C124FC /* SettingsView.swift */,
				30665F832555805B001BF753 /* SettingsNavItemView.swift */,
				30665F8B2555B318001BF753 /* SettingsItemView.swift */,
				30F0623A256B0C7400446C6D /* UserSettings.swift */,
			);
			path = Settings;
			sourceTree = "<group>";
		};
		306AF6A22555654600C124FC /* Reusables */ = {
			isa = PBXGroup;
			children = (
				306AF6A32555659000C124FC /* HeaderView.swift */,
				30665FAD2555C065001BF753 /* SearchBarView.swift */,
			);
			path = Reusables;
			sourceTree = "<group>";
		};
		306D581825514D360074CFD5 = {
			isa = PBXGroup;
			children = (
				306D582325514D360074CFD5 /* Writer */,
				306D583A25514D380074CFD5 /* WriterTests */,
				306D584525514D390074CFD5 /* WriterUITests */,
				30665F992555B775001BF753 /* WriterWidget */,
				306D582225514D360074CFD5 /* Products */,
				30F3776F2551ADF0003FAC4F /* Frameworks */,
			);
			sourceTree = "<group>";
		};
		306D582225514D360074CFD5 /* Products */ = {
			isa = PBXGroup;
			children = (
				306D582125514D360074CFD5 /* Writer.app */,
				306D583725514D380074CFD5 /* WriterTests.xctest */,
				306D584225514D390074CFD5 /* WriterUITests.xctest */,
				30665F942555B775001BF753 /* WriterWidgetExtension.appex */,
			);
			name = Products;
			sourceTree = "<group>";
		};
		306D582325514D360074CFD5 /* Writer */ = {
			isa = PBXGroup;
			children = (
				306AF6A22555654600C124FC /* Reusables */,
				306AF69625549DDE00C124FC /* Settings */,
				30B5B01D25543C77009E301F /* Menu */,
				30010C5B2551771600FACEC3 /* List */,
				30A0CC882551704900F42FF7 /* Editor */,
				306D582425514D360074CFD5 /* WriterApp.swift */,
				306D582D25514D380074CFD5 /* Persistence.swift */,
				306D583225514D380074CFD5 /* Info.plist */,
				306D582F25514D380074CFD5 /* Writer.xcdatamodeld */,
				30F37768255195F9003FAC4F /* Writer.entitlements */,
				306D582825514D380074CFD5 /* Assets.xcassets */,
				306D582A25514D380074CFD5 /* Preview Content */,
			);
			path = Writer;
			sourceTree = "<group>";
		};
		306D582A25514D380074CFD5 /* Preview Content */ = {
			isa = PBXGroup;
			children = (
				306D582B25514D380074CFD5 /* Preview Assets.xcassets */,
			);
			path = "Preview Content";
			sourceTree = "<group>";
		};
		306D583A25514D380074CFD5 /* WriterTests */ = {
			isa = PBXGroup;
			children = (
				306D583B25514D380074CFD5 /* WriterTests.swift */,
				306D583D25514D380074CFD5 /* Info.plist */,
			);
			path = WriterTests;
			sourceTree = "<group>";
		};
		306D584525514D390074CFD5 /* WriterUITests */ = {
			isa = PBXGroup;
			children = (
				306D584625514D390074CFD5 /* WriterUITests.swift */,
				306D584825514D390074CFD5 /* Info.plist */,
			);
			path = WriterUITests;
			sourceTree = "<group>";
		};
		30A0CC882551704900F42FF7 /* Editor */ = {
			isa = PBXGroup;
			children = (
				30F3778A2551C9A2003FAC4F /* EditorView */,
				30A0CC892551705700F42FF7 /* Editor.swift */,
			);
			path = Editor;
			sourceTree = "<group>";
		};
		30AD6552257A5E880015F0F7 /* TypographySettings */ = {
			isa = PBXGroup;
			children = (
				30AD6553257A5E9E0015F0F7 /* TypographySettings.swift */,
			);
			path = TypographySettings;
			sourceTree = "<group>";
		};
		30B5B01D25543C77009E301F /* Menu */ = {
			isa = PBXGroup;
			children = (
				30B5B01E25543C83009E301F /* MenuView.swift */,
				30A0F0962554501800AC2744 /* MenuItemView.swift */,
				30B5B02625543DC3009E301F /* MenuToolbarView.swift */,
				30DD581C25768AB600AEE5DC /* State.swift */,
			);
			path = Menu;
			sourceTree = "<group>";
		};
		30F3776F2551ADF0003FAC4F /* Frameworks */ = {
			isa = PBXGroup;
			children = (
				30F377702551ADF0003FAC4F /* CloudKit.framework */,
				30665F952555B775001BF753 /* WidgetKit.framework */,
				30665F972555B775001BF753 /* SwiftUI.framework */,
			);
			name = Frameworks;
			sourceTree = "<group>";
		};
		30F3778A2551C9A2003FAC4F /* EditorView */ = {
			isa = PBXGroup;
			children = (
				30F377962551CAE2003FAC4F /* Extensions */,
				30F377912551CA99003FAC4F /* EditorViewProtocols.swift */,
				30F377852551C7A1003FAC4F /* EditorView.swift */,
			);
			path = EditorView;
			sourceTree = "<group>";
		};
		30F377962551CAE2003FAC4F /* Extensions */ = {
			isa = PBXGroup;
			children = (
				30F377972551CAF9003FAC4F /* UIFont.swift */,
				30C1A362256A94A800CE13F1 /* UITextView.swift */,
			);
			path = Extensions;
			sourceTree = "<group>";
		};
/* End PBXGroup section */

/* Begin PBXNativeTarget section */
		30665F932555B775001BF753 /* WriterWidgetExtension */ = {
			isa = PBXNativeTarget;
			buildConfigurationList = 30665FA52555B778001BF753 /* Build configuration list for PBXNativeTarget "WriterWidgetExtension" */;
			buildPhases = (
				30665F902555B775001BF753 /* Sources */,
				30665F912555B775001BF753 /* Frameworks */,
				30665F922555B775001BF753 /* Resources */,
			);
			buildRules = (
			);
			dependencies = (
			);
			name = WriterWidgetExtension;
			productName = WriterWidgetExtension;
			productReference = 30665F942555B775001BF753 /* WriterWidgetExtension.appex */;
			productType = "com.apple.product-type.app-extension";
		};
		306D582025514D360074CFD5 /* Writer */ = {
			isa = PBXNativeTarget;
			buildConfigurationList = 306D584B25514D390074CFD5 /* Build configuration list for PBXNativeTarget "Writer" */;
			buildPhases = (
				306D581D25514D360074CFD5 /* Sources */,
				306D581E25514D360074CFD5 /* Frameworks */,
				306D581F25514D360074CFD5 /* Resources */,
				30665FA82555B778001BF753 /* Embed App Extensions */,
			);
			buildRules = (
			);
			dependencies = (
				30665FA32555B778001BF753 /* PBXTargetDependency */,
			);
			name = Writer;
			packageProductDependencies = (
			);
			productName = Writer;
			productReference = 306D582125514D360074CFD5 /* Writer.app */;
			productType = "com.apple.product-type.application";
		};
		306D583625514D380074CFD5 /* WriterTests */ = {
			isa = PBXNativeTarget;
			buildConfigurationList = 306D584E25514D390074CFD5 /* Build configuration list for PBXNativeTarget "WriterTests" */;
			buildPhases = (
				306D583325514D380074CFD5 /* Sources */,
				306D583425514D380074CFD5 /* Frameworks */,
				306D583525514D380074CFD5 /* Resources */,
			);
			buildRules = (
			);
			dependencies = (
				306D583925514D380074CFD5 /* PBXTargetDependency */,
			);
			name = WriterTests;
			productName = WriterTests;
			productReference = 306D583725514D380074CFD5 /* WriterTests.xctest */;
			productType = "com.apple.product-type.bundle.unit-test";
		};
		306D584125514D380074CFD5 /* WriterUITests */ = {
			isa = PBXNativeTarget;
			buildConfigurationList = 306D585125514D390074CFD5 /* Build configuration list for PBXNativeTarget "WriterUITests" */;
			buildPhases = (
				306D583E25514D380074CFD5 /* Sources */,
				306D583F25514D380074CFD5 /* Frameworks */,
				306D584025514D380074CFD5 /* Resources */,
			);
			buildRules = (
			);
			dependencies = (
				306D584425514D390074CFD5 /* PBXTargetDependency */,
			);
			name = WriterUITests;
			productName = WriterUITests;
			productReference = 306D584225514D390074CFD5 /* WriterUITests.xctest */;
			productType = "com.apple.product-type.bundle.ui-testing";
		};
/* End PBXNativeTarget section */

/* Begin PBXProject section */
		306D581925514D360074CFD5 /* Project object */ = {
			isa = PBXProject;
			attributes = {
				LastSwiftUpdateCheck = 1210;
				LastUpgradeCheck = 1200;
				TargetAttributes = {
					30665F932555B775001BF753 = {
						CreatedOnToolsVersion = 12.1;
					};
					306D582025514D360074CFD5 = {
						CreatedOnToolsVersion = 12.0.1;
					};
					306D583625514D380074CFD5 = {
						CreatedOnToolsVersion = 12.0.1;
						TestTargetID = 306D582025514D360074CFD5;
					};
					306D584125514D380074CFD5 = {
						CreatedOnToolsVersion = 12.0.1;
						TestTargetID = 306D582025514D360074CFD5;
					};
				};
			};
			buildConfigurationList = 306D581C25514D360074CFD5 /* Build configuration list for PBXProject "Writer" */;
			compatibilityVersion = "Xcode 9.3";
			developmentRegion = en;
			hasScannedForEncodings = 0;
			knownRegions = (
				en,
				Base,
			);
			mainGroup = 306D581825514D360074CFD5;
			packageReferences = (
			);
			productRefGroup = 306D582225514D360074CFD5 /* Products */;
			projectDirPath = "";
			projectRoot = "";
			targets = (
				306D582025514D360074CFD5 /* Writer */,
				306D583625514D380074CFD5 /* WriterTests */,
				306D584125514D380074CFD5 /* WriterUITests */,
				30665F932555B775001BF753 /* WriterWidgetExtension */,
			);
		};
/* End PBXProject section */

/* Begin PBXResourcesBuildPhase section */
		30665F922555B775001BF753 /* Resources */ = {
			isa = PBXResourcesBuildPhase;
			buildActionMask = 2147483647;
			files = (
				30665F9E2555B778001BF753 /* Assets.xcassets in Resources */,
			);
			runOnlyForDeploymentPostprocessing = 0;
		};
		306D581F25514D360074CFD5 /* Resources */ = {
			isa = PBXResourcesBuildPhase;
			buildActionMask = 2147483647;
			files = (
				306D582C25514D380074CFD5 /* Preview Assets.xcassets in Resources */,
				306D582925514D380074CFD5 /* Assets.xcassets in Resources */,
			);
			runOnlyForDeploymentPostprocessing = 0;
		};
		306D583525514D380074CFD5 /* Resources */ = {
			isa = PBXResourcesBuildPhase;
			buildActionMask = 2147483647;
			files = (
			);
			runOnlyForDeploymentPostprocessing = 0;
		};
		306D584025514D380074CFD5 /* Resources */ = {
			isa = PBXResourcesBuildPhase;
			buildActionMask = 2147483647;
			files = (
			);
			runOnlyForDeploymentPostprocessing = 0;
		};
/* End PBXResourcesBuildPhase section */

/* Begin PBXSourcesBuildPhase section */
		30665F902555B775001BF753 /* Sources */ = {
			isa = PBXSourcesBuildPhase;
			buildActionMask = 2147483647;
			files = (
				30230E45256E939A0094A9E8 /* Writer.xcdatamodeld in Sources */,
				30665F9B2555B775001BF753 /* WriterWidget.swift in Sources */,
				30665FA02555B778001BF753 /* WriterWidget.intentdefinition in Sources */,
			);
			runOnlyForDeploymentPostprocessing = 0;
		};
		306D581D25514D360074CFD5 /* Sources */ = {
			isa = PBXSourcesBuildPhase;
			buildActionMask = 2147483647;
			files = (
				30F377862551C7A1003FAC4F /* EditorView.swift in Sources */,
				306D583125514D380074CFD5 /* Writer.xcdatamodeld in Sources */,
				30A0F0972554501800AC2744 /* MenuItemView.swift in Sources */,
				30F3776425519500003FAC4F /* ItemView.swift in Sources */,
				30665F8C2555B318001BF753 /* SettingsItemView.swift in Sources */,
				306D582E25514D380074CFD5 /* Persistence.swift in Sources */,
				306D582725514D360074CFD5 /* ListView.swift in Sources */,
				30C1A363256A94A800CE13F1 /* UITextView.swift in Sources */,
				30F377982551CAF9003FAC4F /* UIFont.swift in Sources */,
				30DD581D25768AB600AEE5DC /* State.swift in Sources */,
				306AF69825549DEB00C124FC /* SettingsView.swift in Sources */,
				306D582525514D360074CFD5 /* WriterApp.swift in Sources */,
				30B5B02725543DC3009E301F /* MenuToolbarView.swift in Sources */,
				306AF6A42555659100C124FC /* HeaderView.swift in Sources */,
				30665FAE2555C065001BF753 /* SearchBarView.swift in Sources */,
				30B5B01F25543C83009E301F /* MenuView.swift in Sources */,
				30665F842555805B001BF753 /* SettingsNavItemView.swift in Sources */,
				30A0CC8A2551705700F42FF7 /* Editor.swift in Sources */,
				30665FA12555B778001BF753 /* WriterWidget.intentdefinition in Sources */,
				30AD6554257A5E9E0015F0F7 /* TypographySettings.swift in Sources */,
				30F377762551AF5D003FAC4F /* ToolbarView.swift in Sources */,
				30E545A8255EF4E400E14721 /* NotesListView.swift in Sources */,
				30F0623B256B0C7400446C6D /* UserSettings.swift in Sources */,
				30F377922551CA99003FAC4F /* EditorViewProtocols.swift in Sources */,
			);
			runOnlyForDeploymentPostprocessing = 0;
		};
		306D583325514D380074CFD5 /* Sources */ = {
			isa = PBXSourcesBuildPhase;
			buildActionMask = 2147483647;
			files = (
				306D583C25514D380074CFD5 /* WriterTests.swift in Sources */,
			);
			runOnlyForDeploymentPostprocessing = 0;
		};
		306D583E25514D380074CFD5 /* Sources */ = {
			isa = PBXSourcesBuildPhase;
			buildActionMask = 2147483647;
			files = (
				306D584725514D390074CFD5 /* WriterUITests.swift in Sources */,
			);
			runOnlyForDeploymentPostprocessing = 0;
		};
/* End PBXSourcesBuildPhase section */

/* Begin PBXTargetDependency section */
		30665FA32555B778001BF753 /* PBXTargetDependency */ = {
			isa = PBXTargetDependency;
			target = 30665F932555B775001BF753 /* WriterWidgetExtension */;
			targetProxy = 30665FA22555B778001BF753 /* PBXContainerItemProxy */;
		};
		306D583925514D380074CFD5 /* PBXTargetDependency */ = {
			isa = PBXTargetDependency;
			target = 306D582025514D360074CFD5 /* Writer */;
			targetProxy = 306D583825514D380074CFD5 /* PBXContainerItemProxy */;
		};
		306D584425514D390074CFD5 /* PBXTargetDependency */ = {
			isa = PBXTargetDependency;
			target = 306D582025514D360074CFD5 /* Writer */;
			targetProxy = 306D584325514D390074CFD5 /* PBXContainerItemProxy */;
		};
/* End PBXTargetDependency section */

/* Begin XCBuildConfiguration section */
		30665FA62555B778001BF753 /* Debug */ = {
			isa = XCBuildConfiguration;
			buildSettings = {
				ASSETCATALOG_COMPILER_GLOBAL_ACCENT_COLOR_NAME = AccentColor;
				ASSETCATALOG_COMPILER_WIDGET_BACKGROUND_COLOR_NAME = WidgetBackground;
				CODE_SIGN_STYLE = Automatic;
				CURRENT_PROJECT_VERSION = 20;
				DEVELOPMENT_TEAM = A6GVRYGG7C;
				INFOPLIST_FILE = WriterWidget/Info.plist;
				IPHONEOS_DEPLOYMENT_TARGET = 14.0;
				LD_RUNPATH_SEARCH_PATHS = (
					"$(inherited)",
					"@executable_path/Frameworks",
					"@executable_path/../../Frameworks",
				);
				PRODUCT_BUNDLE_IDENTIFIER = com.mj.Writer.WriterWidget;
				PRODUCT_NAME = "$(TARGET_NAME)";
				SKIP_INSTALL = YES;
				SWIFT_VERSION = 5.0;
				TARGETED_DEVICE_FAMILY = "1,2";
			};
			name = Debug;
		};
		30665FA72555B778001BF753 /* Release */ = {
			isa = XCBuildConfiguration;
			buildSettings = {
				ASSETCATALOG_COMPILER_GLOBAL_ACCENT_COLOR_NAME = AccentColor;
				ASSETCATALOG_COMPILER_WIDGET_BACKGROUND_COLOR_NAME = WidgetBackground;
				CODE_SIGN_STYLE = Automatic;
				CURRENT_PROJECT_VERSION = 20;
				DEVELOPMENT_TEAM = A6GVRYGG7C;
				INFOPLIST_FILE = WriterWidget/Info.plist;
				IPHONEOS_DEPLOYMENT_TARGET = 14.0;
				LD_RUNPATH_SEARCH_PATHS = (
					"$(inherited)",
					"@executable_path/Frameworks",
					"@executable_path/../../Frameworks",
				);
				PRODUCT_BUNDLE_IDENTIFIER = com.mj.Writer.WriterWidget;
				PRODUCT_NAME = "$(TARGET_NAME)";
				SKIP_INSTALL = YES;
				SWIFT_VERSION = 5.0;
				TARGETED_DEVICE_FAMILY = "1,2";
			};
			name = Release;
		};
		306D584925514D390074CFD5 /* Debug */ = {
			isa = XCBuildConfiguration;
			buildSettings = {
				ALWAYS_SEARCH_USER_PATHS = NO;
				CLANG_ANALYZER_NONNULL = YES;
				CLANG_ANALYZER_NUMBER_OBJECT_CONVERSION = YES_AGGRESSIVE;
				CLANG_CXX_LANGUAGE_STANDARD = "gnu++14";
				CLANG_CXX_LIBRARY = "libc++";
				CLANG_ENABLE_MODULES = YES;
				CLANG_ENABLE_OBJC_ARC = YES;
				CLANG_ENABLE_OBJC_WEAK = YES;
				CLANG_WARN_BLOCK_CAPTURE_AUTORELEASING = YES;
				CLANG_WARN_BOOL_CONVERSION = YES;
				CLANG_WARN_COMMA = YES;
				CLANG_WARN_CONSTANT_CONVERSION = YES;
				CLANG_WARN_DEPRECATED_OBJC_IMPLEMENTATIONS = YES;
				CLANG_WARN_DIRECT_OBJC_ISA_USAGE = YES_ERROR;
				CLANG_WARN_DOCUMENTATION_COMMENTS = YES;
				CLANG_WARN_EMPTY_BODY = YES;
				CLANG_WARN_ENUM_CONVERSION = YES;
				CLANG_WARN_INFINITE_RECURSION = YES;
				CLANG_WARN_INT_CONVERSION = YES;
				CLANG_WARN_NON_LITERAL_NULL_CONVERSION = YES;
				CLANG_WARN_OBJC_IMPLICIT_RETAIN_SELF = YES;
				CLANG_WARN_OBJC_LITERAL_CONVERSION = YES;
				CLANG_WARN_OBJC_ROOT_CLASS = YES_ERROR;
				CLANG_WARN_QUOTED_INCLUDE_IN_FRAMEWORK_HEADER = YES;
				CLANG_WARN_RANGE_LOOP_ANALYSIS = YES;
				CLANG_WARN_STRICT_PROTOTYPES = YES;
				CLANG_WARN_SUSPICIOUS_MOVE = YES;
				CLANG_WARN_UNGUARDED_AVAILABILITY = YES_AGGRESSIVE;
				CLANG_WARN_UNREACHABLE_CODE = YES;
				CLANG_WARN__DUPLICATE_METHOD_MATCH = YES;
				COPY_PHASE_STRIP = NO;
				DEBUG_INFORMATION_FORMAT = dwarf;
				ENABLE_STRICT_OBJC_MSGSEND = YES;
				ENABLE_TESTABILITY = YES;
				GCC_C_LANGUAGE_STANDARD = gnu11;
				GCC_DYNAMIC_NO_PIC = NO;
				GCC_NO_COMMON_BLOCKS = YES;
				GCC_OPTIMIZATION_LEVEL = 0;
				GCC_PREPROCESSOR_DEFINITIONS = (
					"DEBUG=1",
					"$(inherited)",
				);
				GCC_WARN_64_TO_32_BIT_CONVERSION = YES;
				GCC_WARN_ABOUT_RETURN_TYPE = YES_ERROR;
				GCC_WARN_UNDECLARED_SELECTOR = YES;
				GCC_WARN_UNINITIALIZED_AUTOS = YES_AGGRESSIVE;
				GCC_WARN_UNUSED_FUNCTION = YES;
				GCC_WARN_UNUSED_VARIABLE = YES;
				IPHONEOS_DEPLOYMENT_TARGET = 14.0;
				MTL_ENABLE_DEBUG_INFO = INCLUDE_SOURCE;
				MTL_FAST_MATH = YES;
				ONLY_ACTIVE_ARCH = YES;
				SDKROOT = iphoneos;
				SWIFT_ACTIVE_COMPILATION_CONDITIONS = DEBUG;
				SWIFT_OPTIMIZATION_LEVEL = "-Onone";
			};
			name = Debug;
		};
		306D584A25514D390074CFD5 /* Release */ = {
			isa = XCBuildConfiguration;
			buildSettings = {
				ALWAYS_SEARCH_USER_PATHS = NO;
				CLANG_ANALYZER_NONNULL = YES;
				CLANG_ANALYZER_NUMBER_OBJECT_CONVERSION = YES_AGGRESSIVE;
				CLANG_CXX_LANGUAGE_STANDARD = "gnu++14";
				CLANG_CXX_LIBRARY = "libc++";
				CLANG_ENABLE_MODULES = YES;
				CLANG_ENABLE_OBJC_ARC = YES;
				CLANG_ENABLE_OBJC_WEAK = YES;
				CLANG_WARN_BLOCK_CAPTURE_AUTORELEASING = YES;
				CLANG_WARN_BOOL_CONVERSION = YES;
				CLANG_WARN_COMMA = YES;
				CLANG_WARN_CONSTANT_CONVERSION = YES;
				CLANG_WARN_DEPRECATED_OBJC_IMPLEMENTATIONS = YES;
				CLANG_WARN_DIRECT_OBJC_ISA_USAGE = YES_ERROR;
				CLANG_WARN_DOCUMENTATION_COMMENTS = YES;
				CLANG_WARN_EMPTY_BODY = YES;
				CLANG_WARN_ENUM_CONVERSION = YES;
				CLANG_WARN_INFINITE_RECURSION = YES;
				CLANG_WARN_INT_CONVERSION = YES;
				CLANG_WARN_NON_LITERAL_NULL_CONVERSION = YES;
				CLANG_WARN_OBJC_IMPLICIT_RETAIN_SELF = YES;
				CLANG_WARN_OBJC_LITERAL_CONVERSION = YES;
				CLANG_WARN_OBJC_ROOT_CLASS = YES_ERROR;
				CLANG_WARN_QUOTED_INCLUDE_IN_FRAMEWORK_HEADER = YES;
				CLANG_WARN_RANGE_LOOP_ANALYSIS = YES;
				CLANG_WARN_STRICT_PROTOTYPES = YES;
				CLANG_WARN_SUSPICIOUS_MOVE = YES;
				CLANG_WARN_UNGUARDED_AVAILABILITY = YES_AGGRESSIVE;
				CLANG_WARN_UNREACHABLE_CODE = YES;
				CLANG_WARN__DUPLICATE_METHOD_MATCH = YES;
				COPY_PHASE_STRIP = NO;
				DEBUG_INFORMATION_FORMAT = "dwarf-with-dsym";
				ENABLE_NS_ASSERTIONS = NO;
				ENABLE_STRICT_OBJC_MSGSEND = YES;
				GCC_C_LANGUAGE_STANDARD = gnu11;
				GCC_NO_COMMON_BLOCKS = YES;
				GCC_WARN_64_TO_32_BIT_CONVERSION = YES;
				GCC_WARN_ABOUT_RETURN_TYPE = YES_ERROR;
				GCC_WARN_UNDECLARED_SELECTOR = YES;
				GCC_WARN_UNINITIALIZED_AUTOS = YES_AGGRESSIVE;
				GCC_WARN_UNUSED_FUNCTION = YES;
				GCC_WARN_UNUSED_VARIABLE = YES;
				IPHONEOS_DEPLOYMENT_TARGET = 14.0;
				MTL_ENABLE_DEBUG_INFO = NO;
				MTL_FAST_MATH = YES;
				SDKROOT = iphoneos;
				SWIFT_COMPILATION_MODE = wholemodule;
				SWIFT_OPTIMIZATION_LEVEL = "-O";
				VALIDATE_PRODUCT = YES;
			};
			name = Release;
		};
		306D584C25514D390074CFD5 /* Debug */ = {
			isa = XCBuildConfiguration;
			buildSettings = {
				ALWAYS_EMBED_SWIFT_STANDARD_LIBRARIES = YES;
				ASSETCATALOG_COMPILER_APPICON_NAME = AppIcon;
				ASSETCATALOG_COMPILER_GLOBAL_ACCENT_COLOR_NAME = AccentColor;
				CODE_SIGN_ENTITLEMENTS = Writer/Writer.entitlements;
				CODE_SIGN_STYLE = Automatic;
				CURRENT_PROJECT_VERSION = 20;
				DEVELOPMENT_ASSET_PATHS = "\"Writer/Preview Content\"";
				DEVELOPMENT_TEAM = A6GVRYGG7C;
				ENABLE_PREVIEWS = YES;
				INFOPLIST_FILE = Writer/Info.plist;
				IPHONEOS_DEPLOYMENT_TARGET = 14.0;
				LD_RUNPATH_SEARCH_PATHS = (
					"$(inherited)",
					"@executable_path/Frameworks",
				);
				PRODUCT_BUNDLE_IDENTIFIER = com.mj.Writer;
				PRODUCT_NAME = "$(TARGET_NAME)";
				SUPPORTS_MACCATALYST = NO;
				SWIFT_VERSION = 5.0;
				TARGETED_DEVICE_FAMILY = "1,2";
			};
			name = Debug;
		};
		306D584D25514D390074CFD5 /* Release */ = {
			isa = XCBuildConfiguration;
			buildSettings = {
				ALWAYS_EMBED_SWIFT_STANDARD_LIBRARIES = YES;
				ASSETCATALOG_COMPILER_APPICON_NAME = AppIcon;
				ASSETCATALOG_COMPILER_GLOBAL_ACCENT_COLOR_NAME = AccentColor;
				CODE_SIGN_ENTITLEMENTS = Writer/Writer.entitlements;
				CODE_SIGN_STYLE = Automatic;
				CURRENT_PROJECT_VERSION = 20;
				DEVELOPMENT_ASSET_PATHS = "\"Writer/Preview Content\"";
				DEVELOPMENT_TEAM = A6GVRYGG7C;
				ENABLE_PREVIEWS = YES;
				INFOPLIST_FILE = Writer/Info.plist;
				IPHONEOS_DEPLOYMENT_TARGET = 14.0;
				LD_RUNPATH_SEARCH_PATHS = (
					"$(inherited)",
					"@executable_path/Frameworks",
				);
				PRODUCT_BUNDLE_IDENTIFIER = com.mj.Writer;
				PRODUCT_NAME = "$(TARGET_NAME)";
				SUPPORTS_MACCATALYST = NO;
				SWIFT_VERSION = 5.0;
				TARGETED_DEVICE_FAMILY = "1,2";
			};
			name = Release;
		};
		306D584F25514D390074CFD5 /* Debug */ = {
			isa = XCBuildConfiguration;
			buildSettings = {
				ALWAYS_EMBED_SWIFT_STANDARD_LIBRARIES = YES;
				BUNDLE_LOADER = "$(TEST_HOST)";
				CODE_SIGN_STYLE = Automatic;
				DEVELOPMENT_TEAM = A6GVRYGG7C;
				INFOPLIST_FILE = WriterTests/Info.plist;
				IPHONEOS_DEPLOYMENT_TARGET = 14.0;
				LD_RUNPATH_SEARCH_PATHS = (
					"$(inherited)",
					"@executable_path/Frameworks",
					"@loader_path/Frameworks",
				);
				PRODUCT_BUNDLE_IDENTIFIER = mj.WriterTests;
				PRODUCT_NAME = "$(TARGET_NAME)";
				SWIFT_VERSION = 5.0;
				TARGETED_DEVICE_FAMILY = "1,2";
				TEST_HOST = "$(BUILT_PRODUCTS_DIR)/Writer.app/Writer";
			};
			name = Debug;
		};
		306D585025514D390074CFD5 /* Release */ = {
			isa = XCBuildConfiguration;
			buildSettings = {
				ALWAYS_EMBED_SWIFT_STANDARD_LIBRARIES = YES;
				BUNDLE_LOADER = "$(TEST_HOST)";
				CODE_SIGN_STYLE = Automatic;
				DEVELOPMENT_TEAM = A6GVRYGG7C;
				INFOPLIST_FILE = WriterTests/Info.plist;
				IPHONEOS_DEPLOYMENT_TARGET = 14.0;
				LD_RUNPATH_SEARCH_PATHS = (
					"$(inherited)",
					"@executable_path/Frameworks",
					"@loader_path/Frameworks",
				);
				PRODUCT_BUNDLE_IDENTIFIER = mj.WriterTests;
				PRODUCT_NAME = "$(TARGET_NAME)";
				SWIFT_VERSION = 5.0;
				TARGETED_DEVICE_FAMILY = "1,2";
				TEST_HOST = "$(BUILT_PRODUCTS_DIR)/Writer.app/Writer";
			};
			name = Release;
		};
		306D585225514D390074CFD5 /* Debug */ = {
			isa = XCBuildConfiguration;
			buildSettings = {
				ALWAYS_EMBED_SWIFT_STANDARD_LIBRARIES = YES;
				CODE_SIGN_STYLE = Automatic;
				DEVELOPMENT_TEAM = A6GVRYGG7C;
				INFOPLIST_FILE = WriterUITests/Info.plist;
				LD_RUNPATH_SEARCH_PATHS = (
					"$(inherited)",
					"@executable_path/Frameworks",
					"@loader_path/Frameworks",
				);
				PRODUCT_BUNDLE_IDENTIFIER = mj.WriterUITests;
				PRODUCT_NAME = "$(TARGET_NAME)";
				SWIFT_VERSION = 5.0;
				TARGETED_DEVICE_FAMILY = "1,2";
				TEST_TARGET_NAME = Writer;
			};
			name = Debug;
		};
		306D585325514D390074CFD5 /* Release */ = {
			isa = XCBuildConfiguration;
			buildSettings = {
				ALWAYS_EMBED_SWIFT_STANDARD_LIBRARIES = YES;
				CODE_SIGN_STYLE = Automatic;
				DEVELOPMENT_TEAM = A6GVRYGG7C;
				INFOPLIST_FILE = WriterUITests/Info.plist;
				LD_RUNPATH_SEARCH_PATHS = (
					"$(inherited)",
					"@executable_path/Frameworks",
					"@loader_path/Frameworks",
				);
				PRODUCT_BUNDLE_IDENTIFIER = mj.WriterUITests;
				PRODUCT_NAME = "$(TARGET_NAME)";
				SWIFT_VERSION = 5.0;
				TARGETED_DEVICE_FAMILY = "1,2";
				TEST_TARGET_NAME = Writer;
			};
			name = Release;
		};
/* End XCBuildConfiguration section */

/* Begin XCConfigurationList section */
		30665FA52555B778001BF753 /* Build configuration list for PBXNativeTarget "WriterWidgetExtension" */ = {
			isa = XCConfigurationList;
			buildConfigurations = (
				30665FA62555B778001BF753 /* Debug */,
				30665FA72555B778001BF753 /* Release */,
			);
			defaultConfigurationIsVisible = 0;
			defaultConfigurationName = Release;
		};
		306D581C25514D360074CFD5 /* Build configuration list for PBXProject "Writer" */ = {
			isa = XCConfigurationList;
			buildConfigurations = (
				306D584925514D390074CFD5 /* Debug */,
				306D584A25514D390074CFD5 /* Release */,
			);
			defaultConfigurationIsVisible = 0;
			defaultConfigurationName = Release;
		};
		306D584B25514D390074CFD5 /* Build configuration list for PBXNativeTarget "Writer" */ = {
			isa = XCConfigurationList;
			buildConfigurations = (
				306D584C25514D390074CFD5 /* Debug */,
				306D584D25514D390074CFD5 /* Release */,
			);
			defaultConfigurationIsVisible = 0;
			defaultConfigurationName = Release;
		};
		306D584E25514D390074CFD5 /* Build configuration list for PBXNativeTarget "WriterTests" */ = {
			isa = XCConfigurationList;
			buildConfigurations = (
				306D584F25514D390074CFD5 /* Debug */,
				306D585025514D390074CFD5 /* Release */,
			);
			defaultConfigurationIsVisible = 0;
			defaultConfigurationName = Release;
		};
		306D585125514D390074CFD5 /* Build configuration list for PBXNativeTarget "WriterUITests" */ = {
			isa = XCConfigurationList;
			buildConfigurations = (
				306D585225514D390074CFD5 /* Debug */,
				306D585325514D390074CFD5 /* Release */,
			);
			defaultConfigurationIsVisible = 0;
			defaultConfigurationName = Release;
		};
/* End XCConfigurationList section */

/* Begin XCVersionGroup section */
		306D582F25514D380074CFD5 /* Writer.xcdatamodeld */ = {
			isa = XCVersionGroup;
			children = (
				306D583025514D380074CFD5 /* Writer.xcdatamodel */,
			);
			currentVersion = 306D583025514D380074CFD5 /* Writer.xcdatamodel */;
			path = Writer.xcdatamodeld;
			sourceTree = "<group>";
			versionGroupType = wrapper.xcdatamodel;
		};
/* End XCVersionGroup section */
	};
	rootObject = 306D581925514D360074CFD5 /* Project object */;
}
